// !$*UTF8*$!
{
	archiveVersion = 1;
	classes = {
	};
	objectVersion = 48;
	objects = {

/* Begin PBXBuildFile section */
		01FB82AB1FCADB1300DE1BA5 /* ExpensesViewController.swift in Sources */ = {isa = PBXBuildFile; fileRef = 01FB82AA1FCADB1300DE1BA5 /* ExpensesViewController.swift */; };
		01FB82AF1FCADEF800DE1BA5 /* ExpenseCell.swift in Sources */ = {isa = PBXBuildFile; fileRef = 01FB82AE1FCADEF800DE1BA5 /* ExpenseCell.swift */; };
		01FB82B11FCD41EC00DE1BA5 /* ExpenseDetailsViewController.swift in Sources */ = {isa = PBXBuildFile; fileRef = 01FB82B01FCD41EC00DE1BA5 /* ExpenseDetailsViewController.swift */; };
		852F27C51FCA2C0C006988A5 /* AppDelegate.swift in Sources */ = {isa = PBXBuildFile; fileRef = 852F27C41FCA2C0C006988A5 /* AppDelegate.swift */; };
		852F27CA1FCA2C0C006988A5 /* Main.storyboard in Resources */ = {isa = PBXBuildFile; fileRef = 852F27C81FCA2C0C006988A5 /* Main.storyboard */; };
		852F27CC1FCA2C0C006988A5 /* Assets.xcassets in Resources */ = {isa = PBXBuildFile; fileRef = 852F27CB1FCA2C0C006988A5 /* Assets.xcassets */; };
		852F27CF1FCA2C0C006988A5 /* LaunchScreen.storyboard in Resources */ = {isa = PBXBuildFile; fileRef = 852F27CD1FCA2C0C006988A5 /* LaunchScreen.storyboard */; };
		852F27DA1FCA2C0C006988A5 /* ExpensesTests.swift in Sources */ = {isa = PBXBuildFile; fileRef = 852F27D91FCA2C0C006988A5 /* ExpensesTests.swift */; };
		852F27E51FCA2C0C006988A5 /* ExpensesUITests.swift in Sources */ = {isa = PBXBuildFile; fileRef = 852F27E41FCA2C0C006988A5 /* ExpensesUITests.swift */; };
		852F27F31FCA30E8006988A5 /* SampleData.swift in Sources */ = {isa = PBXBuildFile; fileRef = 852F27F21FCA30E8006988A5 /* SampleData.swift */; };
		852F27F51FCA312C006988A5 /* Category.swift in Sources */ = {isa = PBXBuildFile; fileRef = 852F27F41FCA312C006988A5 /* Category.swift */; };
		852F27F71FCA316E006988A5 /* Expense.swift in Sources */ = {isa = PBXBuildFile; fileRef = 852F27F61FCA316E006988A5 /* Expense.swift */; };
		852F27F91FCA3184006988A5 /* Account.swift in Sources */ = {isa = PBXBuildFile; fileRef = 852F27F81FCA3184006988A5 /* Account.swift */; };
		859CEC961FCB20630028C9E7 /* FormatExtensions.swift in Sources */ = {isa = PBXBuildFile; fileRef = 859CEC951FCB20630028C9E7 /* FormatExtensions.swift */; };
/* End PBXBuildFile section */

/* Begin PBXContainerItemProxy section */
		852F27D61FCA2C0C006988A5 /* PBXContainerItemProxy */ = {
			isa = PBXContainerItemProxy;
			containerPortal = 852F27B91FCA2C0C006988A5 /* Project object */;
			proxyType = 1;
			remoteGlobalIDString = 852F27C01FCA2C0C006988A5;
			remoteInfo = Expenses;
		};
		852F27E11FCA2C0C006988A5 /* PBXContainerItemProxy */ = {
			isa = PBXContainerItemProxy;
			containerPortal = 852F27B91FCA2C0C006988A5 /* Project object */;
			proxyType = 1;
			remoteGlobalIDString = 852F27C01FCA2C0C006988A5;
			remoteInfo = Expenses;
		};
/* End PBXContainerItemProxy section */

/* Begin PBXFileReference section */
		01FB82AA1FCADB1300DE1BA5 /* ExpensesViewController.swift */ = {isa = PBXFileReference; lastKnownFileType = sourcecode.swift; path = ExpensesViewController.swift; sourceTree = "<group>"; };
		01FB82AE1FCADEF800DE1BA5 /* ExpenseCell.swift */ = {isa = PBXFileReference; lastKnownFileType = sourcecode.swift; path = ExpenseCell.swift; sourceTree = "<group>"; };
		01FB82B01FCD41EC00DE1BA5 /* ExpenseDetailsViewController.swift */ = {isa = PBXFileReference; lastKnownFileType = sourcecode.swift; path = ExpenseDetailsViewController.swift; sourceTree = "<group>"; };
		852F27C11FCA2C0C006988A5 /* Expenses.app */ = {isa = PBXFileReference; explicitFileType = wrapper.application; includeInIndex = 0; path = Expenses.app; sourceTree = BUILT_PRODUCTS_DIR; };
		852F27C41FCA2C0C006988A5 /* AppDelegate.swift */ = {isa = PBXFileReference; lastKnownFileType = sourcecode.swift; path = AppDelegate.swift; sourceTree = "<group>"; };
		852F27C91FCA2C0C006988A5 /* Base */ = {isa = PBXFileReference; lastKnownFileType = file.storyboard; name = Base; path = Base.lproj/Main.storyboard; sourceTree = "<group>"; };
		852F27CB1FCA2C0C006988A5 /* Assets.xcassets */ = {isa = PBXFileReference; lastKnownFileType = folder.assetcatalog; path = Assets.xcassets; sourceTree = "<group>"; };
		852F27CE1FCA2C0C006988A5 /* Base */ = {isa = PBXFileReference; lastKnownFileType = file.storyboard; name = Base; path = Base.lproj/LaunchScreen.storyboard; sourceTree = "<group>"; };
		852F27D01FCA2C0C006988A5 /* Info.plist */ = {isa = PBXFileReference; lastKnownFileType = text.plist.xml; path = Info.plist; sourceTree = "<group>"; };
		852F27D51FCA2C0C006988A5 /* ExpensesTests.xctest */ = {isa = PBXFileReference; explicitFileType = wrapper.cfbundle; includeInIndex = 0; path = ExpensesTests.xctest; sourceTree = BUILT_PRODUCTS_DIR; };
		852F27D91FCA2C0C006988A5 /* ExpensesTests.swift */ = {isa = PBXFileReference; lastKnownFileType = sourcecode.swift; path = ExpensesTests.swift; sourceTree = "<group>"; };
		852F27DB1FCA2C0C006988A5 /* Info.plist */ = {isa = PBXFileReference; lastKnownFileType = text.plist.xml; path = Info.plist; sourceTree = "<group>"; };
		852F27E01FCA2C0C006988A5 /* ExpensesUITests.xctest */ = {isa = PBXFileReference; explicitFileType = wrapper.cfbundle; includeInIndex = 0; path = ExpensesUITests.xctest; sourceTree = BUILT_PRODUCTS_DIR; };
		852F27E41FCA2C0C006988A5 /* ExpensesUITests.swift */ = {isa = PBXFileReference; lastKnownFileType = sourcecode.swift; path = ExpensesUITests.swift; sourceTree = "<group>"; };
		852F27E61FCA2C0C006988A5 /* Info.plist */ = {isa = PBXFileReference; lastKnownFileType = text.plist.xml; path = Info.plist; sourceTree = "<group>"; };
		852F27F21FCA30E8006988A5 /* SampleData.swift */ = {isa = PBXFileReference; lastKnownFileType = sourcecode.swift; path = SampleData.swift; sourceTree = "<group>"; };
		852F27F41FCA312C006988A5 /* Category.swift */ = {isa = PBXFileReference; lastKnownFileType = sourcecode.swift; path = Category.swift; sourceTree = "<group>"; };
		852F27F61FCA316E006988A5 /* Expense.swift */ = {isa = PBXFileReference; lastKnownFileType = sourcecode.swift; path = Expense.swift; sourceTree = "<group>"; };
		852F27F81FCA3184006988A5 /* Account.swift */ = {isa = PBXFileReference; lastKnownFileType = sourcecode.swift; path = Account.swift; sourceTree = "<group>"; };
		858029351FCA430800A7BCBA /* .gitignore */ = {isa = PBXFileReference; lastKnownFileType = text; path = .gitignore; sourceTree = "<group>"; };
		859CEC951FCB20630028C9E7 /* FormatExtensions.swift */ = {isa = PBXFileReference; lastKnownFileType = sourcecode.swift; path = FormatExtensions.swift; sourceTree = "<group>"; };
/* End PBXFileReference section */

/* Begin PBXFrameworksBuildPhase section */
		852F27BE1FCA2C0C006988A5 /* Frameworks */ = {
			isa = PBXFrameworksBuildPhase;
			buildActionMask = 2147483647;
			files = (
			);
			runOnlyForDeploymentPostprocessing = 0;
		};
		852F27D21FCA2C0C006988A5 /* Frameworks */ = {
			isa = PBXFrameworksBuildPhase;
			buildActionMask = 2147483647;
			files = (
			);
			runOnlyForDeploymentPostprocessing = 0;
		};
		852F27DD1FCA2C0C006988A5 /* Frameworks */ = {
			isa = PBXFrameworksBuildPhase;
			buildActionMask = 2147483647;
			files = (
			);
			runOnlyForDeploymentPostprocessing = 0;
		};
/* End PBXFrameworksBuildPhase section */

/* Begin PBXGroup section */
		852F27B81FCA2C0C006988A5 = {
			isa = PBXGroup;
			children = (
				858029351FCA430800A7BCBA /* .gitignore */,
				852F27C31FCA2C0C006988A5 /* Expenses */,
				852F27D81FCA2C0C006988A5 /* ExpensesTests */,
				852F27E31FCA2C0C006988A5 /* ExpensesUITests */,
				852F27C21FCA2C0C006988A5 /* Products */,
			);
			sourceTree = "<group>";
		};
		852F27C21FCA2C0C006988A5 /* Products */ = {
			isa = PBXGroup;
			children = (
				852F27C11FCA2C0C006988A5 /* Expenses.app */,
				852F27D51FCA2C0C006988A5 /* ExpensesTests.xctest */,
				852F27E01FCA2C0C006988A5 /* ExpensesUITests.xctest */,
			);
			name = Products;
			sourceTree = "<group>";
		};
		852F27C31FCA2C0C006988A5 /* Expenses */ = {
			isa = PBXGroup;
			children = (
				852F27C41FCA2C0C006988A5 /* AppDelegate.swift */,
				852F27C81FCA2C0C006988A5 /* Main.storyboard */,
				852F27CB1FCA2C0C006988A5 /* Assets.xcassets */,
				852F27CD1FCA2C0C006988A5 /* LaunchScreen.storyboard */,
				852F27D01FCA2C0C006988A5 /* Info.plist */,
				852F27F21FCA30E8006988A5 /* SampleData.swift */,
				852F27F41FCA312C006988A5 /* Category.swift */,
				852F27F61FCA316E006988A5 /* Expense.swift */,
				852F27F81FCA3184006988A5 /* Account.swift */,
				01FB82AE1FCADEF800DE1BA5 /* ExpenseCell.swift */,
				01FB82AA1FCADB1300DE1BA5 /* ExpensesViewController.swift */,
				01FB82B01FCD41EC00DE1BA5 /* ExpenseDetailsViewController.swift */,
				859CEC951FCB20630028C9E7 /* FormatExtensions.swift */,
			);
			path = Expenses;
			sourceTree = "<group>";
		};
		852F27D81FCA2C0C006988A5 /* ExpensesTests */ = {
			isa = PBXGroup;
			children = (
				852F27D91FCA2C0C006988A5 /* ExpensesTests.swift */,
				852F27DB1FCA2C0C006988A5 /* Info.plist */,
			);
			path = ExpensesTests;
			sourceTree = "<group>";
		};
		852F27E31FCA2C0C006988A5 /* ExpensesUITests */ = {
			isa = PBXGroup;
			children = (
				852F27E41FCA2C0C006988A5 /* ExpensesUITests.swift */,
				852F27E61FCA2C0C006988A5 /* Info.plist */,
			);
			path = ExpensesUITests;
			sourceTree = "<group>";
		};
/* End PBXGroup section */

/* Begin PBXNativeTarget section */
		852F27C01FCA2C0C006988A5 /* Expenses */ = {
			isa = PBXNativeTarget;
			buildConfigurationList = 852F27E91FCA2C0C006988A5 /* Build configuration list for PBXNativeTarget "Expenses" */;
			buildPhases = (
				852F27BD1FCA2C0C006988A5 /* Sources */,
				852F27BE1FCA2C0C006988A5 /* Frameworks */,
				852F27BF1FCA2C0C006988A5 /* Resources */,
			);
			buildRules = (
			);
			dependencies = (
			);
			name = Expenses;
			productName = Expenses;
			productReference = 852F27C11FCA2C0C006988A5 /* Expenses.app */;
			productType = "com.apple.product-type.application";
		};
		852F27D41FCA2C0C006988A5 /* ExpensesTests */ = {
			isa = PBXNativeTarget;
			buildConfigurationList = 852F27EC1FCA2C0C006988A5 /* Build configuration list for PBXNativeTarget "ExpensesTests" */;
			buildPhases = (
				852F27D11FCA2C0C006988A5 /* Sources */,
				852F27D21FCA2C0C006988A5 /* Frameworks */,
				852F27D31FCA2C0C006988A5 /* Resources */,
			);
			buildRules = (
			);
			dependencies = (
				852F27D71FCA2C0C006988A5 /* PBXTargetDependency */,
			);
			name = ExpensesTests;
			productName = ExpensesTests;
			productReference = 852F27D51FCA2C0C006988A5 /* ExpensesTests.xctest */;
			productType = "com.apple.product-type.bundle.unit-test";
		};
		852F27DF1FCA2C0C006988A5 /* ExpensesUITests */ = {
			isa = PBXNativeTarget;
			buildConfigurationList = 852F27EF1FCA2C0C006988A5 /* Build configuration list for PBXNativeTarget "ExpensesUITests" */;
			buildPhases = (
				852F27DC1FCA2C0C006988A5 /* Sources */,
				852F27DD1FCA2C0C006988A5 /* Frameworks */,
				852F27DE1FCA2C0C006988A5 /* Resources */,
			);
			buildRules = (
			);
			dependencies = (
				852F27E21FCA2C0C006988A5 /* PBXTargetDependency */,
			);
			name = ExpensesUITests;
			productName = ExpensesUITests;
			productReference = 852F27E01FCA2C0C006988A5 /* ExpensesUITests.xctest */;
			productType = "com.apple.product-type.bundle.ui-testing";
		};
/* End PBXNativeTarget section */

/* Begin PBXProject section */
		852F27B91FCA2C0C006988A5 /* Project object */ = {
			isa = PBXProject;
			attributes = {
				LastSwiftUpdateCheck = 0910;
				LastUpgradeCheck = 0910;
				ORGANIZATIONNAME = "Frank Mathy";
				TargetAttributes = {
					852F27C01FCA2C0C006988A5 = {
						CreatedOnToolsVersion = 9.1;
						ProvisioningStyle = Automatic;
					};
					852F27D41FCA2C0C006988A5 = {
						CreatedOnToolsVersion = 9.1;
						ProvisioningStyle = Automatic;
						TestTargetID = 852F27C01FCA2C0C006988A5;
					};
					852F27DF1FCA2C0C006988A5 = {
						CreatedOnToolsVersion = 9.1;
						ProvisioningStyle = Automatic;
						TestTargetID = 852F27C01FCA2C0C006988A5;
					};
				};
			};
			buildConfigurationList = 852F27BC1FCA2C0C006988A5 /* Build configuration list for PBXProject "Expenses" */;
			compatibilityVersion = "Xcode 8.0";
			developmentRegion = en;
			hasScannedForEncodings = 0;
			knownRegions = (
				en,
				Base,
			);
			mainGroup = 852F27B81FCA2C0C006988A5;
			productRefGroup = 852F27C21FCA2C0C006988A5 /* Products */;
			projectDirPath = "";
			projectRoot = "";
			targets = (
				852F27C01FCA2C0C006988A5 /* Expenses */,
				852F27D41FCA2C0C006988A5 /* ExpensesTests */,
				852F27DF1FCA2C0C006988A5 /* ExpensesUITests */,
			);
		};
/* End PBXProject section */

/* Begin PBXResourcesBuildPhase section */
		852F27BF1FCA2C0C006988A5 /* Resources */ = {
			isa = PBXResourcesBuildPhase;
			buildActionMask = 2147483647;
			files = (
				852F27CF1FCA2C0C006988A5 /* LaunchScreen.storyboard in Resources */,
				852F27CC1FCA2C0C006988A5 /* Assets.xcassets in Resources */,
				852F27CA1FCA2C0C006988A5 /* Main.storyboard in Resources */,
			);
			runOnlyForDeploymentPostprocessing = 0;
		};
		852F27D31FCA2C0C006988A5 /* Resources */ = {
			isa = PBXResourcesBuildPhase;
			buildActionMask = 2147483647;
			files = (
			);
			runOnlyForDeploymentPostprocessing = 0;
		};
		852F27DE1FCA2C0C006988A5 /* Resources */ = {
			isa = PBXResourcesBuildPhase;
			buildActionMask = 2147483647;
			files = (
			);
			runOnlyForDeploymentPostprocessing = 0;
		};
/* End PBXResourcesBuildPhase section */

/* Begin PBXSourcesBuildPhase section */
		852F27BD1FCA2C0C006988A5 /* Sources */ = {
			isa = PBXSourcesBuildPhase;
			buildActionMask = 2147483647;
			files = (
				852F27F31FCA30E8006988A5 /* SampleData.swift in Sources */,
				852F27C51FCA2C0C006988A5 /* AppDelegate.swift in Sources */,
				859CEC961FCB20630028C9E7 /* FormatExtensions.swift in Sources */,
				852F27F51FCA312C006988A5 /* Category.swift in Sources */,
				852F27F71FCA316E006988A5 /* Expense.swift in Sources */,
				01FB82AF1FCADEF800DE1BA5 /* ExpenseCell.swift in Sources */,
				852F27F91FCA3184006988A5 /* Account.swift in Sources */,
				01FB82AB1FCADB1300DE1BA5 /* ExpensesViewController.swift in Sources */,
				01FB82B11FCD41EC00DE1BA5 /* ExpenseDetailsViewController.swift in Sources */,
			);
			runOnlyForDeploymentPostprocessing = 0;
		};
		852F27D11FCA2C0C006988A5 /* Sources */ = {
			isa = PBXSourcesBuildPhase;
			buildActionMask = 2147483647;
			files = (
				852F27DA1FCA2C0C006988A5 /* ExpensesTests.swift in Sources */,
			);
			runOnlyForDeploymentPostprocessing = 0;
		};
		852F27DC1FCA2C0C006988A5 /* Sources */ = {
			isa = PBXSourcesBuildPhase;
			buildActionMask = 2147483647;
			files = (
				852F27E51FCA2C0C006988A5 /* ExpensesUITests.swift in Sources */,
			);
			runOnlyForDeploymentPostprocessing = 0;
		};
/* End PBXSourcesBuildPhase section */

/* Begin PBXTargetDependency section */
		852F27D71FCA2C0C006988A5 /* PBXTargetDependency */ = {
			isa = PBXTargetDependency;
			target = 852F27C01FCA2C0C006988A5 /* Expenses */;
			targetProxy = 852F27D61FCA2C0C006988A5 /* PBXContainerItemProxy */;
		};
		852F27E21FCA2C0C006988A5 /* PBXTargetDependency */ = {
			isa = PBXTargetDependency;
			target = 852F27C01FCA2C0C006988A5 /* Expenses */;
			targetProxy = 852F27E11FCA2C0C006988A5 /* PBXContainerItemProxy */;
		};
/* End PBXTargetDependency section */

/* Begin PBXVariantGroup section */
		852F27C81FCA2C0C006988A5 /* Main.storyboard */ = {
			isa = PBXVariantGroup;
			children = (
				852F27C91FCA2C0C006988A5 /* Base */,
			);
			name = Main.storyboard;
			sourceTree = "<group>";
		};
		852F27CD1FCA2C0C006988A5 /* LaunchScreen.storyboard */ = {
			isa = PBXVariantGroup;
			children = (
				852F27CE1FCA2C0C006988A5 /* Base */,
			);
			name = LaunchScreen.storyboard;
			sourceTree = "<group>";
		};
/* End PBXVariantGroup section */

/* Begin XCBuildConfiguration section */
		852F27E71FCA2C0C006988A5 /* Debug */ = {
			isa = XCBuildConfiguration;
			buildSettings = {
				ALWAYS_SEARCH_USER_PATHS = NO;
				CLANG_ANALYZER_NONNULL = YES;
				CLANG_ANALYZER_NUMBER_OBJECT_CONVERSION = YES_AGGRESSIVE;
				CLANG_CXX_LANGUAGE_STANDARD = "gnu++14";
				CLANG_CXX_LIBRARY = "libc++";
				CLANG_ENABLE_MODULES = YES;
				CLANG_ENABLE_OBJC_ARC = YES;
				CLANG_WARN_BLOCK_CAPTURE_AUTORELEASING = YES;
				CLANG_WARN_BOOL_CONVERSION = YES;
				CLANG_WARN_COMMA = YES;
				CLANG_WARN_CONSTANT_CONVERSION = YES;
				CLANG_WARN_DIRECT_OBJC_ISA_USAGE = YES_ERROR;
				CLANG_WARN_DOCUMENTATION_COMMENTS = YES;
				CLANG_WARN_EMPTY_BODY = YES;
				CLANG_WARN_ENUM_CONVERSION = YES;
				CLANG_WARN_INFINITE_RECURSION = YES;
				CLANG_WARN_INT_CONVERSION = YES;
				CLANG_WARN_NON_LITERAL_NULL_CONVERSION = YES;
				CLANG_WARN_OBJC_LITERAL_CONVERSION = YES;
				CLANG_WARN_OBJC_ROOT_CLASS = YES_ERROR;
				CLANG_WARN_RANGE_LOOP_ANALYSIS = YES;
				CLANG_WARN_STRICT_PROTOTYPES = YES;
				CLANG_WARN_SUSPICIOUS_MOVE = YES;
				CLANG_WARN_UNGUARDED_AVAILABILITY = YES_AGGRESSIVE;
				CLANG_WARN_UNREACHABLE_CODE = YES;
				CLANG_WARN__DUPLICATE_METHOD_MATCH = YES;
				CODE_SIGN_IDENTITY = "iPhone Developer";
				COPY_PHASE_STRIP = NO;
				DEBUG_INFORMATION_FORMAT = dwarf;
				ENABLE_STRICT_OBJC_MSGSEND = YES;
				ENABLE_TESTABILITY = YES;
				GCC_C_LANGUAGE_STANDARD = gnu11;
				GCC_DYNAMIC_NO_PIC = NO;
				GCC_NO_COMMON_BLOCKS = YES;
				GCC_OPTIMIZATION_LEVEL = 0;
				GCC_PREPROCESSOR_DEFINITIONS = (
					"DEBUG=1",
					"$(inherited)",
				);
				GCC_WARN_64_TO_32_BIT_CONVERSION = YES;
				GCC_WARN_ABOUT_RETURN_TYPE = YES_ERROR;
				GCC_WARN_UNDECLARED_SELECTOR = YES;
				GCC_WARN_UNINITIALIZED_AUTOS = YES_AGGRESSIVE;
				GCC_WARN_UNUSED_FUNCTION = YES;
				GCC_WARN_UNUSED_VARIABLE = YES;
				IPHONEOS_DEPLOYMENT_TARGET = 11.1;
				MTL_ENABLE_DEBUG_INFO = YES;
				ONLY_ACTIVE_ARCH = YES;
				SDKROOT = iphoneos;
				SWIFT_ACTIVE_COMPILATION_CONDITIONS = DEBUG;
				SWIFT_OPTIMIZATION_LEVEL = "-Onone";
			};
			name = Debug;
		};
		852F27E81FCA2C0C006988A5 /* Release */ = {
			isa = XCBuildConfiguration;
			buildSettings = {
				ALWAYS_SEARCH_USER_PATHS = NO;
				CLANG_ANALYZER_NONNULL = YES;
				CLANG_ANALYZER_NUMBER_OBJECT_CONVERSION = YES_AGGRESSIVE;
				CLANG_CXX_LANGUAGE_STANDARD = "gnu++14";
				CLANG_CXX_LIBRARY = "libc++";
				CLANG_ENABLE_MODULES = YES;
				CLANG_ENABLE_OBJC_ARC = YES;
				CLANG_WARN_BLOCK_CAPTURE_AUTORELEASING = YES;
				CLANG_WARN_BOOL_CONVERSION = YES;
				CLANG_WARN_COMMA = YES;
				CLANG_WARN_CONSTANT_CONVERSION = YES;
				CLANG_WARN_DIRECT_OBJC_ISA_USAGE = YES_ERROR;
				CLANG_WARN_DOCUMENTATION_COMMENTS = YES;
				CLANG_WARN_EMPTY_BODY = YES;
				CLANG_WARN_ENUM_CONVERSION = YES;
				CLANG_WARN_INFINITE_RECURSION = YES;
				CLANG_WARN_INT_CONVERSION = YES;
				CLANG_WARN_NON_LITERAL_NULL_CONVERSION = YES;
				CLANG_WARN_OBJC_LITERAL_CONVERSION = YES;
				CLANG_WARN_OBJC_ROOT_CLASS = YES_ERROR;
				CLANG_WARN_RANGE_LOOP_ANALYSIS = YES;
				CLANG_WARN_STRICT_PROTOTYPES = YES;
				CLANG_WARN_SUSPICIOUS_MOVE = YES;
				CLANG_WARN_UNGUARDED_AVAILABILITY = YES_AGGRESSIVE;
				CLANG_WARN_UNREACHABLE_CODE = YES;
				CLANG_WARN__DUPLICATE_METHOD_MATCH = YES;
				CODE_SIGN_IDENTITY = "iPhone Developer";
				COPY_PHASE_STRIP = NO;
				DEBUG_INFORMATION_FORMAT = "dwarf-with-dsym";
				ENABLE_NS_ASSERTIONS = NO;
				ENABLE_STRICT_OBJC_MSGSEND = YES;
				GCC_C_LANGUAGE_STANDARD = gnu11;
				GCC_NO_COMMON_BLOCKS = YES;
				GCC_WARN_64_TO_32_BIT_CONVERSION = YES;
				GCC_WARN_ABOUT_RETURN_TYPE = YES_ERROR;
				GCC_WARN_UNDECLARED_SELECTOR = YES;
				GCC_WARN_UNINITIALIZED_AUTOS = YES_AGGRESSIVE;
				GCC_WARN_UNUSED_FUNCTION = YES;
				GCC_WARN_UNUSED_VARIABLE = YES;
				IPHONEOS_DEPLOYMENT_TARGET = 11.1;
				MTL_ENABLE_DEBUG_INFO = NO;
				SDKROOT = iphoneos;
				SWIFT_OPTIMIZATION_LEVEL = "-Owholemodule";
				VALIDATE_PRODUCT = YES;
			};
			name = Release;
		};
		852F27EA1FCA2C0C006988A5 /* Debug */ = {
			isa = XCBuildConfiguration;
			buildSettings = {
				ASSETCATALOG_COMPILER_APPICON_NAME = AppIcon;
				CODE_SIGN_STYLE = Automatic;
				DEVELOPMENT_TEAM = Y2NF3B2C3V;
				INFOPLIST_FILE = Expenses/Info.plist;
				LD_RUNPATH_SEARCH_PATHS = "$(inherited) @executable_path/Frameworks";
				PRODUCT_BUNDLE_IDENTIFIER = de.frankmathy.Expenses;
				PRODUCT_NAME = "$(TARGET_NAME)";
				SWIFT_VERSION = 4.0;
				TARGETED_DEVICE_FAMILY = 1;
			};
			name = Debug;
		};
		852F27EB1FCA2C0C006988A5 /* Release */ = {
			isa = XCBuildConfiguration;
			buildSettings = {
				ASSETCATALOG_COMPILER_APPICON_NAME = AppIcon;
				CODE_SIGN_STYLE = Automatic;
				DEVELOPMENT_TEAM = Y2NF3B2C3V;
				INFOPLIST_FILE = Expenses/Info.plist;
				LD_RUNPATH_SEARCH_PATHS = "$(inherited) @executable_path/Frameworks";
				PRODUCT_BUNDLE_IDENTIFIER = de.frankmathy.Expenses;
				PRODUCT_NAME = "$(TARGET_NAME)";
				SWIFT_VERSION = 4.0;
				TARGETED_DEVICE_FAMILY = 1;
			};
			name = Release;
		};
		852F27ED1FCA2C0C006988A5 /* Debug */ = {
			isa = XCBuildConfiguration;
			buildSettings = {
				ALWAYS_EMBED_SWIFT_STANDARD_LIBRARIES = YES;
				BUNDLE_LOADER = "$(TEST_HOST)";
				CODE_SIGN_STYLE = Automatic;
				DEVELOPMENT_TEAM = Y2NF3B2C3V;
				INFOPLIST_FILE = ExpensesTests/Info.plist;
				LD_RUNPATH_SEARCH_PATHS = "$(inherited) @executable_path/Frameworks @loader_path/Frameworks";
				PRODUCT_BUNDLE_IDENTIFIER = de.frankmathy.ExpensesTests;
				PRODUCT_NAME = "$(TARGET_NAME)";
				SWIFT_VERSION = 4.0;
				TARGETED_DEVICE_FAMILY = "1,2";
				TEST_HOST = "$(BUILT_PRODUCTS_DIR)/Expenses.app/Expenses";
			};
			name = Debug;
		};
		852F27EE1FCA2C0C006988A5 /* Release */ = {
			isa = XCBuildConfiguration;
			buildSettings = {
				ALWAYS_EMBED_SWIFT_STANDARD_LIBRARIES = YES;
				BUNDLE_LOADER = "$(TEST_HOST)";
				CODE_SIGN_STYLE = Automatic;
				DEVELOPMENT_TEAM = Y2NF3B2C3V;
				INFOPLIST_FILE = ExpensesTests/Info.plist;
				LD_RUNPATH_SEARCH_PATHS = "$(inherited) @executable_path/Frameworks @loader_path/Frameworks";
				PRODUCT_BUNDLE_IDENTIFIER = de.frankmathy.ExpensesTests;
				PRODUCT_NAME = "$(TARGET_NAME)";
				SWIFT_VERSION = 4.0;
				TARGETED_DEVICE_FAMILY = "1,2";
				TEST_HOST = "$(BUILT_PRODUCTS_DIR)/Expenses.app/Expenses";
			};
			name = Release;
		};
		852F27F01FCA2C0C006988A5 /* Debug */ = {
			isa = XCBuildConfiguration;
			buildSettings = {
				ALWAYS_EMBED_SWIFT_STANDARD_LIBRARIES = YES;
				CODE_SIGN_STYLE = Automatic;
				DEVELOPMENT_TEAM = Y2NF3B2C3V;
				INFOPLIST_FILE = ExpensesUITests/Info.plist;
				LD_RUNPATH_SEARCH_PATHS = "$(inherited) @executable_path/Frameworks @loader_path/Frameworks";
				PRODUCT_BUNDLE_IDENTIFIER = de.frankmathy.ExpensesUITests;
				PRODUCT_NAME = "$(TARGET_NAME)";
				SWIFT_VERSION = 4.0;
				TARGETED_DEVICE_FAMILY = "1,2";
				TEST_TARGET_NAME = Expenses;
			};
			name = Debug;
		};
		852F27F11FCA2C0C006988A5 /* Release */ = {
			isa = XCBuildConfiguration;
			buildSettings = {
				ALWAYS_EMBED_SWIFT_STANDARD_LIBRARIES = YES;
				CODE_SIGN_STYLE = Automatic;
				DEVELOPMENT_TEAM = Y2NF3B2C3V;
				INFOPLIST_FILE = ExpensesUITests/Info.plist;
				LD_RUNPATH_SEARCH_PATHS = "$(inherited) @executable_path/Frameworks @loader_path/Frameworks";
				PRODUCT_BUNDLE_IDENTIFIER = de.frankmathy.ExpensesUITests;
				PRODUCT_NAME = "$(TARGET_NAME)";
				SWIFT_VERSION = 4.0;
				TARGETED_DEVICE_FAMILY = "1,2";
				TEST_TARGET_NAME = Expenses;
			};
			name = Release;
		};
/* End XCBuildConfiguration section */

/* Begin XCConfigurationList section */
		852F27BC1FCA2C0C006988A5 /* Build configuration list for PBXProject "Expenses" */ = {
			isa = XCConfigurationList;
			buildConfigurations = (
				852F27E71FCA2C0C006988A5 /* Debug */,
				852F27E81FCA2C0C006988A5 /* Release */,
			);
			defaultConfigurationIsVisible = 0;
			defaultConfigurationName = Release;
		};
		852F27E91FCA2C0C006988A5 /* Build configuration list for PBXNativeTarget "Expenses" */ = {
			isa = XCConfigurationList;
			buildConfigurations = (
				852F27EA1FCA2C0C006988A5 /* Debug */,
				852F27EB1FCA2C0C006988A5 /* Release */,
			);
			defaultConfigurationIsVisible = 0;
			defaultConfigurationName = Release;
		};
		852F27EC1FCA2C0C006988A5 /* Build configuration list for PBXNativeTarget "ExpensesTests" */ = {
			isa = XCConfigurationList;
			buildConfigurations = (
				852F27ED1FCA2C0C006988A5 /* Debug */,
				852F27EE1FCA2C0C006988A5 /* Release */,
			);
			defaultConfigurationIsVisible = 0;
			defaultConfigurationName = Release;
		};
		852F27EF1FCA2C0C006988A5 /* Build configuration list for PBXNativeTarget "ExpensesUITests" */ = {
			isa = XCConfigurationList;
			buildConfigurations = (
				852F27F01FCA2C0C006988A5 /* Debug */,
				852F27F11FCA2C0C006988A5 /* Release */,
			);
			defaultConfigurationIsVisible = 0;
			defaultConfigurationName = Release;
		};
/* End XCConfigurationList section */
	};
	rootObject = 852F27B91FCA2C0C006988A5 /* Project object */;
}
